// !$*UTF8*$!
{
	archiveVersion = 1;
	classes = {
	};
	objectVersion = 56;
	objects = {

/* Begin PBXBuildFile section */
		66B147EC2EA8EA4000E9BB4A /* icon.png in Resources */ = {isa = PBXBuildFile; fileRef = 66B147E42EA8EA4000E9BB4A /* icon.png */; };
		66B147ED2EA8EA4000E9BB4A /* juju-icon.pdf in Resources */ = {isa = PBXBuildFile; fileRef = 66B147E52EA8EA4000E9BB4A /* juju-icon.pdf */; };
		66B147EE2EA8EA4000E9BB4A /* status-active.png in Resources */ = {isa = PBXBuildFile; fileRef = 66B147E62EA8EA4000E9BB4A /* status-active.png */; };
		66B147EF2EA8EA4000E9BB4A /* status-idle.png in Resources */ = {isa = PBXBuildFile; fileRef = 66B147E72EA8EA4000E9BB4A /* status-idle.png */; };
		66B148482EA8EA4B00E9BB4A /* AppDelegate.swift in Sources */ = {isa = PBXBuildFile; fileRef = 66B147F02EA8EA4B00E9BB4A /* AppDelegate.swift */; };
		66B148492EA8EA4B00E9BB4A /* Info.plist in Resources */ = {isa = PBXBuildFile; fileRef = 66B147F12EA8EA4B00E9BB4A /* Info.plist */; };
		66B1484A2EA8EA4B00E9BB4A /* Juju-entitlements.plist in Resources */ = {isa = PBXBuildFile; fileRef = 66B147F22EA8EA4B00E9BB4A /* Juju-entitlements.plist */; };
		66B1484B2EA8EA4B00E9BB4A /* JujuUtils.swift in Sources */ = {isa = PBXBuildFile; fileRef = 66B147F42EA8EA4B00E9BB4A /* JujuUtils.swift */; };
		66B1484C2EA8EA4B00E9BB4A /* main.swift in Sources */ = {isa = PBXBuildFile; fileRef = 66B147F52EA8EA4B00E9BB4A /* main.swift */; };
		66B1484D2EA8EA4B00E9BB4A /* ChartDataPreparer.swift in Sources */ = {isa = PBXBuildFile; fileRef = 66B147F72EA8EA4B00E9BB4A /* ChartDataPreparer.swift */; };
		66B1484E2EA8EA4B00E9BB4A /* IconManager.swift in Sources */ = {isa = PBXBuildFile; fileRef = 66B147F82EA8EA4B00E9BB4A /* IconManager.swift */; };
		66B1484F2EA8EA4B00E9BB4A /* MenuManager.swift in Sources */ = {isa = PBXBuildFile; fileRef = 66B147F92EA8EA4B00E9BB4A /* MenuManager.swift */; };
		66B148502EA8EA4B00E9BB4A /* SessionManager.swift in Sources */ = {isa = PBXBuildFile; fileRef = 66B147FA2EA8EA4B00E9BB4A /* SessionManager.swift */; };
		66B148512EA8EA4B00E9BB4A /* ShortcutManager.swift in Sources */ = {isa = PBXBuildFile; fileRef = 66B147FB2EA8EA4B00E9BB4A /* ShortcutManager.swift */; };
		66B148522EA8EA4B00E9BB4A /* ChartModels.swift in Sources */ = {isa = PBXBuildFile; fileRef = 66B147FD2EA8EA4B00E9BB4A /* ChartModels.swift */; };
		66B148532EA8EA4B00E9BB4A /* Project.swift in Sources */ = {isa = PBXBuildFile; fileRef = 66B147FE2EA8EA4B00E9BB4A /* Project.swift */; };
		66B148542EA8EA4B00E9BB4A /* ProjectsViewModel.swift in Sources */ = {isa = PBXBuildFile; fileRef = 66B148002EA8EA4B00E9BB4A /* ProjectsViewModel.swift */; };
		66B1486F2EA8EA4B00E9BB4A /* ChartViews.swift in Sources */ = {isa = PBXBuildFile; fileRef = 66B1482B2EA8EA4B00E9BB4A /* ChartViews.swift */; };
		66B148702EA8EA4B00E9BB4A /* DashboardNativeSwiftChartsView.swift in Sources */ = {isa = PBXBuildFile; fileRef = 66B1482C2EA8EA4B00E9BB4A /* DashboardNativeSwiftChartsView.swift */; };
		66B148722EA8EA4B00E9BB4A /* DashboardWindowController.swift in Sources */ = {isa = PBXBuildFile; fileRef = 66B1482E2EA8EA4B00E9BB4A /* DashboardWindowController.swift */; };
		66B148732EA8EA4B00E9BB4A /* SwiftUIDashboardRootView.swift in Sources */ = {isa = PBXBuildFile; fileRef = 66B1482F2EA8EA4B00E9BB4A /* SwiftUIDashboardRootView.swift */; };
		66B148762EA8EA4B00E9BB4A /* NotesManager.swift in Sources */ = {isa = PBXBuildFile; fileRef = 66B148332EA8EA4B00E9BB4A /* NotesManager.swift */; };
		66B148782EA8EA4B00E9BB4A /* NotesViewModel.swift in Sources */ = {isa = PBXBuildFile; fileRef = 66B148352EA8EA4B00E9BB4A /* NotesViewModel.swift */; };
		66B1487A2EA8EA4B00E9BB4A /* AddProjectView.swift in Sources */ = {isa = PBXBuildFile; fileRef = 66B148382EA8EA4B00E9BB4A /* AddProjectView.swift */; };
		66B1487B2EA8EA4B00E9BB4A /* ProjectDetailView.swift in Sources */ = {isa = PBXBuildFile; fileRef = 66B148392EA8EA4B00E9BB4A /* ProjectDetailView.swift */; };
		66B1487C2EA8EA4B00E9BB4A /* ProjectGridItemView.swift in Sources */ = {isa = PBXBuildFile; fileRef = 66B1483A2EA8EA4B00E9BB4A /* ProjectGridItemView.swift */; };
		66B1487D2EA8EA4B00E9BB4A /* ProjectsNativeView.swift in Sources */ = {isa = PBXBuildFile; fileRef = 66B1483B2EA8EA4B00E9BB4A /* ProjectsNativeView.swift */; };
		66B1487E2EA8EA4B00E9BB4A /* EditSessionView.swift in Sources */ = {isa = PBXBuildFile; fileRef = 66B1483D2EA8EA4B00E9BB4A /* EditSessionView.swift */; };
		66B1487F2EA8EA4B00E9BB4A /* SessionCardView.swift in Sources */ = {isa = PBXBuildFile; fileRef = 66B1483E2EA8EA4B00E9BB4A /* SessionCardView.swift */; };
		66B148802EA8EA4B00E9BB4A /* SessionsView.swift in Sources */ = {isa = PBXBuildFile; fileRef = 66B1483F2EA8EA4B00E9BB4A /* SessionsView.swift */; };
		66B148812EA8EA4B00E9BB4A /* Assets.xcassets in Resources */ = {isa = PBXBuildFile; fileRef = 66B148422EA8EA4B00E9BB4A /* Assets.xcassets */; };
		66B148822EA8EA4B00E9BB4A /* Theme.swift in Sources */ = {isa = PBXBuildFile; fileRef = 66B148452EA8EA4B00E9BB4A /* Theme.swift */; };
		66B1488A2EA8EA6000E9BB4A /* STATUS.md in Resources */ = {isa = PBXBuildFile; fileRef = 66B148862EA8EA6000E9BB4A /* STATUS.md */; };
		66B1488B2EA8EA6000E9BB4A /* index.json in Resources */ = {isa = PBXBuildFile; fileRef = 66B148872EA8EA6000E9BB4A /* index.json */; };
		66B1488D2EA8EA6000E9BB4A /* design.md in Resources */ = {isa = PBXBuildFile; fileRef = 66B148892EA8EA6000E9BB4A /* design.md */; };
		66B1488E2EA8EB2300E9BB4A /* TabButton.swift in Sources */ = {isa = PBXBuildFile; fileRef = 66B148302EA8EA4B00E9BB4A /* TabButton.swift */; };
		66B148902EA8EE6900E9BB4A /* Tab.swift in Sources */ = {isa = PBXBuildFile; fileRef = 66B1488F2EA8EE6900E9BB4A /* Tab.swift */; };
		66B148912EA8F01D00E9BB4A /* NotesModalView.swift in Sources */ = {isa = PBXBuildFile; fileRef = 66B148342EA8EA4B00E9BB4A /* NotesModalView.swift */; };
		66B148932EA8F4A300E9BB4A /* NSColor+SwiftUI.swift in Sources */ = {isa = PBXBuildFile; fileRef = 66B148922EA8F4A300E9BB4A /* NSColor+SwiftUI.swift */; };
/* End PBXBuildFile section */

/* Begin PBXFileReference section */
		66B147E42EA8EA4000E9BB4A /* icon.png */ = {isa = PBXFileReference; lastKnownFileType = image.png; path = icon.png; sourceTree = "<group>"; };
		66B147E52EA8EA4000E9BB4A /* juju-icon.pdf */ = {isa = PBXFileReference; lastKnownFileType = image.pdf; path = "juju-icon.pdf"; sourceTree = "<group>"; };
		66B147E62EA8EA4000E9BB4A /* status-active.png */ = {isa = PBXFileReference; lastKnownFileType = image.png; path = "status-active.png"; sourceTree = "<group>"; };
		66B147E72EA8EA4000E9BB4A /* status-idle.png */ = {isa = PBXFileReference; lastKnownFileType = image.png; path = "status-idle.png"; sourceTree = "<group>"; };
		66B147F02EA8EA4B00E9BB4A /* AppDelegate.swift */ = {isa = PBXFileReference; fileEncoding = 4; lastKnownFileType = sourcecode.swift; path = AppDelegate.swift; sourceTree = "<group>"; };
		66B147F12EA8EA4B00E9BB4A /* Info.plist */ = {isa = PBXFileReference; fileEncoding = 4; lastKnownFileType = text.plist.xml; path = Info.plist; sourceTree = "<group>"; };
		66B147F22EA8EA4B00E9BB4A /* Juju-entitlements.plist */ = {isa = PBXFileReference; fileEncoding = 4; lastKnownFileType = text.plist.xml; path = "Juju-entitlements.plist"; sourceTree = "<group>"; };
		66B147F32EA8EA4B00E9BB4A /* Juju.entitlements */ = {isa = PBXFileReference; fileEncoding = 4; lastKnownFileType = text.plist.entitlements; path = Juju.entitlements; sourceTree = "<group>"; };
		66B147F42EA8EA4B00E9BB4A /* JujuUtils.swift */ = {isa = PBXFileReference; fileEncoding = 4; lastKnownFileType = sourcecode.swift; path = JujuUtils.swift; sourceTree = "<group>"; };
		66B147F52EA8EA4B00E9BB4A /* main.swift */ = {isa = PBXFileReference; fileEncoding = 4; lastKnownFileType = sourcecode.swift; path = main.swift; sourceTree = "<group>"; };
		66B147F72EA8EA4B00E9BB4A /* ChartDataPreparer.swift */ = {isa = PBXFileReference; fileEncoding = 4; lastKnownFileType = sourcecode.swift; path = ChartDataPreparer.swift; sourceTree = "<group>"; };
		66B147F82EA8EA4B00E9BB4A /* IconManager.swift */ = {isa = PBXFileReference; fileEncoding = 4; lastKnownFileType = sourcecode.swift; path = IconManager.swift; sourceTree = "<group>"; };
		66B147F92EA8EA4B00E9BB4A /* MenuManager.swift */ = {isa = PBXFileReference; fileEncoding = 4; lastKnownFileType = sourcecode.swift; path = MenuManager.swift; sourceTree = "<group>"; };
		66B147FA2EA8EA4B00E9BB4A /* SessionManager.swift */ = {isa = PBXFileReference; fileEncoding = 4; lastKnownFileType = sourcecode.swift; path = SessionManager.swift; sourceTree = "<group>"; };
		66B147FB2EA8EA4B00E9BB4A /* ShortcutManager.swift */ = {isa = PBXFileReference; fileEncoding = 4; lastKnownFileType = sourcecode.swift; path = ShortcutManager.swift; sourceTree = "<group>"; };
		66B147FD2EA8EA4B00E9BB4A /* ChartModels.swift */ = {isa = PBXFileReference; fileEncoding = 4; lastKnownFileType = sourcecode.swift; path = ChartModels.swift; sourceTree = "<group>"; };
		66B147FE2EA8EA4B00E9BB4A /* Project.swift */ = {isa = PBXFileReference; fileEncoding = 4; lastKnownFileType = sourcecode.swift; path = Project.swift; sourceTree = "<group>"; };
		66B148002EA8EA4B00E9BB4A /* ProjectsViewModel.swift */ = {isa = PBXFileReference; fileEncoding = 4; lastKnownFileType = sourcecode.swift; path = ProjectsViewModel.swift; sourceTree = "<group>"; };
		66B1482B2EA8EA4B00E9BB4A /* ChartViews.swift */ = {isa = PBXFileReference; fileEncoding = 4; lastKnownFileType = sourcecode.swift; path = ChartViews.swift; sourceTree = "<group>"; };
		66B1482C2EA8EA4B00E9BB4A /* DashboardNativeSwiftChartsView.swift */ = {isa = PBXFileReference; fileEncoding = 4; lastKnownFileType = sourcecode.swift; path = DashboardNativeSwiftChartsView.swift; sourceTree = "<group>"; };
		66B1482E2EA8EA4B00E9BB4A /* DashboardWindowController.swift */ = {isa = PBXFileReference; fileEncoding = 4; lastKnownFileType = sourcecode.swift; path = DashboardWindowController.swift; sourceTree = "<group>"; };
		66B1482F2EA8EA4B00E9BB4A /* SwiftUIDashboardRootView.swift */ = {isa = PBXFileReference; fileEncoding = 4; lastKnownFileType = sourcecode.swift; path = SwiftUIDashboardRootView.swift; sourceTree = "<group>"; };
		66B148302EA8EA4B00E9BB4A /* TabButton.swift */ = {isa = PBXFileReference; fileEncoding = 4; lastKnownFileType = sourcecode.swift; path = TabButton.swift; sourceTree = "<group>"; };
		66B148332EA8EA4B00E9BB4A /* NotesManager.swift */ = {isa = PBXFileReference; fileEncoding = 4; lastKnownFileType = sourcecode.swift; path = NotesManager.swift; sourceTree = "<group>"; };
		66B148342EA8EA4B00E9BB4A /* NotesModalView.swift */ = {isa = PBXFileReference; fileEncoding = 4; lastKnownFileType = sourcecode.swift; path = NotesModalView.swift; sourceTree = "<group>"; };
		66B148352EA8EA4B00E9BB4A /* NotesViewModel.swift */ = {isa = PBXFileReference; fileEncoding = 4; lastKnownFileType = sourcecode.swift; path = NotesViewModel.swift; sourceTree = "<group>"; };
		66B148382EA8EA4B00E9BB4A /* AddProjectView.swift */ = {isa = PBXFileReference; fileEncoding = 4; lastKnownFileType = sourcecode.swift; path = AddProjectView.swift; sourceTree = "<group>"; };
		66B148392EA8EA4B00E9BB4A /* ProjectDetailView.swift */ = {isa = PBXFileReference; fileEncoding = 4; lastKnownFileType = sourcecode.swift; path = ProjectDetailView.swift; sourceTree = "<group>"; };
		66B1483A2EA8EA4B00E9BB4A /* ProjectGridItemView.swift */ = {isa = PBXFileReference; fileEncoding = 4; lastKnownFileType = sourcecode.swift; path = ProjectGridItemView.swift; sourceTree = "<group>"; };
		66B1483B2EA8EA4B00E9BB4A /* ProjectsNativeView.swift */ = {isa = PBXFileReference; fileEncoding = 4; lastKnownFileType = sourcecode.swift; path = ProjectsNativeView.swift; sourceTree = "<group>"; };
		66B1483D2EA8EA4B00E9BB4A /* EditSessionView.swift */ = {isa = PBXFileReference; fileEncoding = 4; lastKnownFileType = sourcecode.swift; path = EditSessionView.swift; sourceTree = "<group>"; };
		66B1483E2EA8EA4B00E9BB4A /* SessionCardView.swift */ = {isa = PBXFileReference; fileEncoding = 4; lastKnownFileType = sourcecode.swift; path = SessionCardView.swift; sourceTree = "<group>"; };
		66B1483F2EA8EA4B00E9BB4A /* SessionsView.swift */ = {isa = PBXFileReference; fileEncoding = 4; lastKnownFileType = sourcecode.swift; path = SessionsView.swift; sourceTree = "<group>"; };
		66B148422EA8EA4B00E9BB4A /* Assets.xcassets */ = {isa = PBXFileReference; lastKnownFileType = folder.assetcatalog; path = Assets.xcassets; sourceTree = "<group>"; };
		66B148452EA8EA4B00E9BB4A /* Theme.swift */ = {isa = PBXFileReference; fileEncoding = 4; lastKnownFileType = sourcecode.swift; path = Theme.swift; sourceTree = "<group>"; };
		66B148862EA8EA6000E9BB4A /* STATUS.md */ = {isa = PBXFileReference; fileEncoding = 4; lastKnownFileType = net.daringfireball.markdown; path = STATUS.md; sourceTree = "<group>"; };
		66B148872EA8EA6000E9BB4A /* index.json */ = {isa = PBXFileReference; fileEncoding = 4; lastKnownFileType = text.json; path = index.json; sourceTree = "<group>"; };
		66B148882EA8EA6000E9BB4A /* README.md */ = {isa = PBXFileReference; fileEncoding = 4; lastKnownFileType = net.daringfireball.markdown; path = README.md; sourceTree = "<group>"; };
		66B148892EA8EA6000E9BB4A /* design.md */ = {isa = PBXFileReference; fileEncoding = 4; lastKnownFileType = net.daringfireball.markdown; path = design.md; sourceTree = "<group>"; };
		66B1488F2EA8EE6900E9BB4A /* Tab.swift */ = {isa = PBXFileReference; fileEncoding = 4; lastKnownFileType = sourcecode.swift; path = Tab.swift; sourceTree = "<group>"; };
		66B148922EA8F4A300E9BB4A /* NSColor+SwiftUI.swift */ = {isa = PBXFileReference; fileEncoding = 4; lastKnownFileType = sourcecode.swift; path = "NSColor+SwiftUI.swift"; sourceTree = "<group>"; };
		A1234567890123456789012G /* Juju.app */ = {isa = PBXFileReference; explicitFileType = wrapper.application; includeInIndex = 0; path = Juju.app; sourceTree = BUILT_PRODUCTS_DIR; };
/* End PBXFileReference section */

/* Begin PBXFrameworksBuildPhase section */
		A1234567890123456789012I /* Frameworks */ = {
			isa = PBXFrameworksBuildPhase;
			buildActionMask = 2147483647;
			files = (
			);
			runOnlyForDeploymentPostprocessing = 0;
		};
/* End PBXFrameworksBuildPhase section */

/* Begin PBXGroup section */
		6657F6952E0313200016F333 /* juju-swift */ = {
			isa = PBXGroup;
			children = (
				66B148472EA8EA4B00E9BB4A /* Juju */,
				66B147E82EA8EA4000E9BB4A /* icons */,
				66B148892EA8EA6000E9BB4A /* design.md */,
				66B148872EA8EA6000E9BB4A /* index.json */,
				66B148882EA8EA6000E9BB4A /* README.md */,
				66B148862EA8EA6000E9BB4A /* STATUS.md */,
			);
			name = "juju-swift";
			sourceTree = "<group>";
		};
		66B147E32EA8EA4000E9BB4A /* Old */ = {
			isa = PBXGroup;
			children = (
			);
			path = Old;
			sourceTree = "<group>";
		};
		66B147E82EA8EA4000E9BB4A /* icons */ = {
			isa = PBXGroup;
			children = (
				66B147E32EA8EA4000E9BB4A /* Old */,
				66B147E42EA8EA4000E9BB4A /* icon.png */,
				66B147E52EA8EA4000E9BB4A /* juju-icon.pdf */,
				66B147E62EA8EA4000E9BB4A /* status-active.png */,
				66B147E72EA8EA4000E9BB4A /* status-idle.png */,
			);
			path = icons;
			sourceTree = "<group>";
		};
		66B147F62EA8EA4B00E9BB4A /* App */ = {
			isa = PBXGroup;
			children = (
				66B147F02EA8EA4B00E9BB4A /* AppDelegate.swift */,
				66B147F12EA8EA4B00E9BB4A /* Info.plist */,
				66B147F22EA8EA4B00E9BB4A /* Juju-entitlements.plist */,
				66B147F32EA8EA4B00E9BB4A /* Juju.entitlements */,
				66B147F42EA8EA4B00E9BB4A /* JujuUtils.swift */,
				66B147F52EA8EA4B00E9BB4A /* main.swift */,
			);
			path = App;
			sourceTree = "<group>";
		};
		66B147FC2EA8EA4B00E9BB4A /* Managers */ = {
			isa = PBXGroup;
			children = (
				66B147F72EA8EA4B00E9BB4A /* ChartDataPreparer.swift */,
				66B147F82EA8EA4B00E9BB4A /* IconManager.swift */,
				66B147F92EA8EA4B00E9BB4A /* MenuManager.swift */,
				66B147FA2EA8EA4B00E9BB4A /* SessionManager.swift */,
				66B147FB2EA8EA4B00E9BB4A /* ShortcutManager.swift */,
			);
			path = Managers;
			sourceTree = "<group>";
		};
		66B147FF2EA8EA4B00E9BB4A /* Models */ = {
			isa = PBXGroup;
			children = (
				66B147FD2EA8EA4B00E9BB4A /* ChartModels.swift */,
				66B147FE2EA8EA4B00E9BB4A /* Project.swift */,
			);
			path = Models;
			sourceTree = "<group>";
		};
		66B148012EA8EA4B00E9BB4A /* ViewModels */ = {
			isa = PBXGroup;
			children = (
				66B148002EA8EA4B00E9BB4A /* ProjectsViewModel.swift */,
			);
			path = ViewModels;
			sourceTree = "<group>";
		};
		66B148022EA8EA4B00E9BB4A /* Core */ = {
			isa = PBXGroup;
			children = (
				66B147FC2EA8EA4B00E9BB4A /* Managers */,
				66B147FF2EA8EA4B00E9BB4A /* Models */,
				66B148012EA8EA4B00E9BB4A /* ViewModels */,
			);
			path = Core;
			sourceTree = "<group>";
		};
		66B148322EA8EA4B00E9BB4A /* Dashboard */ = {
			isa = PBXGroup;
			children = (
				66B1488F2EA8EE6900E9BB4A /* Tab.swift */,
				66B1482B2EA8EA4B00E9BB4A /* ChartViews.swift */,
				66B1482C2EA8EA4B00E9BB4A /* DashboardNativeSwiftChartsView.swift */,
				66B1482E2EA8EA4B00E9BB4A /* DashboardWindowController.swift */,
				66B1482F2EA8EA4B00E9BB4A /* SwiftUIDashboardRootView.swift */,
				66B148302EA8EA4B00E9BB4A /* TabButton.swift */,
			);
			path = Dashboard;
			sourceTree = "<group>";
		};
		66B148372EA8EA4B00E9BB4A /* Notes */ = {
			isa = PBXGroup;
			children = (
				66B148332EA8EA4B00E9BB4A /* NotesManager.swift */,
				66B148342EA8EA4B00E9BB4A /* NotesModalView.swift */,
				66B148352EA8EA4B00E9BB4A /* NotesViewModel.swift */,
			);
			path = Notes;
			sourceTree = "<group>";
		};
		66B1483C2EA8EA4B00E9BB4A /* Projects */ = {
			isa = PBXGroup;
			children = (
				66B148382EA8EA4B00E9BB4A /* AddProjectView.swift */,
				66B148392EA8EA4B00E9BB4A /* ProjectDetailView.swift */,
				66B1483A2EA8EA4B00E9BB4A /* ProjectGridItemView.swift */,
				66B1483B2EA8EA4B00E9BB4A /* ProjectsNativeView.swift */,
			);
			path = Projects;
			sourceTree = "<group>";
		};
		66B148402EA8EA4B00E9BB4A /* Sessions */ = {
			isa = PBXGroup;
			children = (
				66B1483D2EA8EA4B00E9BB4A /* EditSessionView.swift */,
				66B1483E2EA8EA4B00E9BB4A /* SessionCardView.swift */,
				66B1483F2EA8EA4B00E9BB4A /* SessionsView.swift */,
			);
			path = Sessions;
			sourceTree = "<group>";
		};
		66B148412EA8EA4B00E9BB4A /* Features */ = {
			isa = PBXGroup;
			children = (
				66B148322EA8EA4B00E9BB4A /* Dashboard */,
				66B148372EA8EA4B00E9BB4A /* Notes */,
				66B1483C2EA8EA4B00E9BB4A /* Projects */,
				66B148402EA8EA4B00E9BB4A /* Sessions */,
			);
			path = Features;
			sourceTree = "<group>";
		};
		66B148432EA8EA4B00E9BB4A /* Resources */ = {
			isa = PBXGroup;
			children = (
				66B148422EA8EA4B00E9BB4A /* Assets.xcassets */,
			);
			path = Resources;
			sourceTree = "<group>";
		};
		66B148442EA8EA4B00E9BB4A /* Extensions */ = {
			isa = PBXGroup;
			children = (
				66B148922EA8F4A300E9BB4A /* NSColor+SwiftUI.swift */,
			);
			path = Extensions;
			sourceTree = "<group>";
		};
		66B148462EA8EA4B00E9BB4A /* Shared */ = {
			isa = PBXGroup;
			children = (
				66B148452EA8EA4B00E9BB4A /* Theme.swift */,
				66B148442EA8EA4B00E9BB4A /* Extensions */,
			);
			path = Shared;
			sourceTree = "<group>";
		};
		66B148472EA8EA4B00E9BB4A /* Juju */ = {
			isa = PBXGroup;
			children = (
				66B147F62EA8EA4B00E9BB4A /* App */,
				66B148022EA8EA4B00E9BB4A /* Core */,
				66B148412EA8EA4B00E9BB4A /* Features */,
				66B148432EA8EA4B00E9BB4A /* Resources */,
				66B148462EA8EA4B00E9BB4A /* Shared */,
			);
			path = Juju;
			sourceTree = "<group>";
		};
		A1234567890123456789012K /* Products */ = {
			isa = PBXGroup;
			children = (
				A1234567890123456789012G /* Juju.app */,
			);
			name = Products;
			sourceTree = "<group>";
		};
		A1234567890123456789012L = {
			isa = PBXGroup;
			children = (
				6657F6952E0313200016F333 /* juju-swift */,
				A1234567890123456789012K /* Products */,
			);
			sourceTree = "<group>";
		};
/* End PBXGroup section */

/* Begin PBXNativeTarget section */
		A1234567890123456789012M /* Juju */ = {
			isa = PBXNativeTarget;
			buildConfigurationList = A1234567890123456789012N /* Build configuration list for PBXNativeTarget "Juju" */;
			buildPhases = (
				A1234567890123456789012O /* Sources */,
				A1234567890123456789012I /* Frameworks */,
				A1234567890123456789012P /* Resources */,
			);
			buildRules = (
			);
			dependencies = (
			);
			name = Juju;
			productName = Juju;
			productReference = A1234567890123456789012G /* Juju.app */;
			productType = "com.apple.product-type.application";
		};
/* End PBXNativeTarget section */

/* Begin PBXProject section */
		A1234567890123456789012Q /* Project object */ = {
			isa = PBXProject;
			attributes = {
				BuildIndependentTargetsInParallel = 1;
				LastSwiftUpdateCheck = 1500;
				LastUpgradeCheck = 1540;
				TargetAttributes = {
					A1234567890123456789012M = {
						CreatedOnToolsVersion = 15.0;
					};
				};
			};
			buildConfigurationList = A1234567890123456789012R /* Build configuration list for PBXProject "Juju" */;
			compatibilityVersion = "Xcode 14.0";
			developmentRegion = en;
			hasScannedForEncodings = 0;
			knownRegions = (
				en,
				Base,
			);
			mainGroup = A1234567890123456789012L;
			productRefGroup = A1234567890123456789012K /* Products */;
			projectDirPath = "";
			projectRoot = "";
			targets = (
				A1234567890123456789012M /* Juju */,
			);
		};
/* End PBXProject section */

/* Begin PBXResourcesBuildPhase section */
		A1234567890123456789012P /* Resources */ = {
			isa = PBXResourcesBuildPhase;
			buildActionMask = 2147483647;
			files = (
				66B148492EA8EA4B00E9BB4A /* Info.plist in Resources */,
				66B147ED2EA8EA4000E9BB4A /* juju-icon.pdf in Resources */,
				66B147EE2EA8EA4000E9BB4A /* status-active.png in Resources */,
				66B1488A2EA8EA6000E9BB4A /* STATUS.md in Resources */,
				66B1488D2EA8EA6000E9BB4A /* design.md in Resources */,
				66B1484A2EA8EA4B00E9BB4A /* Juju-entitlements.plist in Resources */,
				66B147EC2EA8EA4000E9BB4A /* icon.png in Resources */,
				66B147EC2EA8EA4000E9BB4A /* icon.png in Resources */,
				66B148812EA8EA4B00E9BB4A /* Assets.xcassets in Resources */,
				66B147EF2EA8EA4000E9BB4A /* status-idle.png in Resources */,
				66B1488B2EA8EA6000E9BB4A /* index.json in Resources */,
			);
			runOnlyForDeploymentPostprocessing = 0;
		};
/* End PBXResourcesBuildPhase section */

/* Begin PBXSourcesBuildPhase section */
		A1234567890123456789012O /* Sources */ = {
			isa = PBXSourcesBuildPhase;
			buildActionMask = 2147483647;
			files = (
				66B1484F2EA8EA4B00E9BB4A /* MenuManager.swift in Sources */,
				66B1487E2EA8EA4B00E9BB4A /* EditSessionView.swift in Sources */,
				66B148482EA8EA4B00E9BB4A /* AppDelegate.swift in Sources */,
				66B1488E2EA8EB2300E9BB4A /* TabButton.swift in Sources */,
				66B1484E2EA8EA4B00E9BB4A /* IconManager.swift in Sources */,
				66B148532EA8EA4B00E9BB4A /* Project.swift in Sources */,
				66B148932EA8F4A300E9BB4A /* NSColor+SwiftUI.swift in Sources */,
				66B148902EA8EE6900E9BB4A /* Tab.swift in Sources */,
				66B1487B2EA8EA4B00E9BB4A /* ProjectDetailView.swift in Sources */,
				66B1484B2EA8EA4B00E9BB4A /* JujuUtils.swift in Sources */,
				66B148782EA8EA4B00E9BB4A /* NotesViewModel.swift in Sources */,
				66B1484C2EA8EA4B00E9BB4A /* main.swift in Sources */,
				66B148762EA8EA4B00E9BB4A /* NotesManager.swift in Sources */,
				66B1484D2EA8EA4B00E9BB4A /* ChartDataPreparer.swift in Sources */,
				66B148502EA8EA4B00E9BB4A /* SessionManager.swift in Sources */,
				66B1487A2EA8EA4B00E9BB4A /* AddProjectView.swift in Sources */,
				66B148702EA8EA4B00E9BB4A /* DashboardNativeSwiftChartsView.swift in Sources */,
				66B148522EA8EA4B00E9BB4A /* ChartModels.swift in Sources */,
				66B148912EA8F01D00E9BB4A /* NotesModalView.swift in Sources */,
				66B1487D2EA8EA4B00E9BB4A /* ProjectsNativeView.swift in Sources */,
				66B148732EA8EA4B00E9BB4A /* SwiftUIDashboardRootView.swift in Sources */,
				66B1487C2EA8EA4B00E9BB4A /* ProjectGridItemView.swift in Sources */,
				66B148822EA8EA4B00E9BB4A /* Theme.swift in Sources */,
				66B148542EA8EA4B00E9BB4A /* ProjectsViewModel.swift in Sources */,
				66B148802EA8EA4B00E9BB4A /* SessionsView.swift in Sources */,
				66B148512EA8EA4B00E9BB4A /* ShortcutManager.swift in Sources */,
				66B148722EA8EA4B00E9BB4A /* DashboardWindowController.swift in Sources */,
				66B1487F2EA8EA4B00E9BB4A /* SessionCardView.swift in Sources */,
				66B1486F2EA8EA4B00E9BB4A /* ChartViews.swift in Sources */,
			);
			runOnlyForDeploymentPostprocessing = 0;
		};
/* End PBXSourcesBuildPhase section */

/* Begin XCBuildConfiguration section */
		A1234567890123456789012S /* Debug */ = {
			isa = XCBuildConfiguration;
			buildSettings = {
				ALWAYS_SEARCH_USER_PATHS = NO;
				ASSETCATALOG_COMPILER_GENERATE_SWIFT_ASSET_SYMBOL_EXTENSIONS = YES;
				CLANG_ANALYZER_NONNULL = YES;
				CLANG_ANALYZER_NUMBER_OBJECT_CONVERSION = YES_AGGRESSIVE;
				CLANG_CXX_LANGUAGE_STANDARD = "gnu++20";
				CLANG_ENABLE_MODULES = YES;
				CLANG_ENABLE_OBJC_ARC = YES;
				CLANG_ENABLE_OBJC_WEAK = YES;
				CLANG_WARN_BLOCK_CAPTURE_AUTORELEASING = YES;
				CLANG_WARN_BOOL_CONVERSION = YES;
				CLANG_WARN_COMMA = YES;
				CLANG_WARN_CONSTANT_CONVERSION = YES;
				CLANG_WARN_DEPRECATED_OBJC_IMPLEMENTATIONS = YES;
				CLANG_WARN_DIRECT_OBJC_ISA_USAGE = YES_ERROR;
				CLANG_WARN_DOCUMENTATION_COMMENTS = YES;
				CLANG_WARN_EMPTY_BODY = YES;
				CLANG_WARN_ENUM_CONVERSION = YES;
				CLANG_WARN_INFINITE_RECURSION = YES;
				CLANG_WARN_INT_CONVERSION = YES;
				CLANG_WARN_NON_LITERAL_NULL_CONVERSION = YES;
				CLANG_WARN_OBJC_IMPLICIT_RETAIN_SELF = YES;
				CLANG_WARN_OBJC_LITERAL_CONVERSION = YES;
				CLANG_WARN_OBJC_ROOT_CLASS = YES_ERROR;
				CLANG_WARN_QUOTED_INCLUDE_IN_FRAMEWORK_HEADER = YES;
				CLANG_WARN_RANGE_LOOP_ANALYSIS = YES;
				CLANG_WARN_STRICT_PROTOTYPES = YES;
				CLANG_WARN_SUSPICIOUS_MOVE = YES;
				CLANG_WARN_UNGUARDED_AVAILABILITY = YES_AGGRESSIVE;
				CLANG_WARN_UNREACHABLE_CODE = YES;
				CLANG_WARN__DUPLICATE_METHOD_MATCH = YES;
				COPY_PHASE_STRIP = NO;
				DEAD_CODE_STRIPPING = YES;
				DEBUG_INFORMATION_FORMAT = dwarf;
				ENABLE_STRICT_OBJC_MSGSEND = YES;
				ENABLE_TESTABILITY = YES;
				ENABLE_USER_SCRIPT_SANDBOXING = YES;
				GCC_C_LANGUAGE_STANDARD = gnu17;
				GCC_DYNAMIC_NO_PIC = NO;
				GCC_NO_COMMON_BLOCKS = YES;
				GCC_OPTIMIZATION_LEVEL = 0;
				GCC_PREPROCESSOR_DEFINITIONS = (
					"DEBUG=1",
					"$(inherited)",
				);
				GCC_WARN_64_TO_32_BIT_CONVERSION = YES;
				GCC_WARN_ABOUT_RETURN_TYPE = YES_ERROR;
				GCC_WARN_UNDECLARED_SELECTOR = YES;
				GCC_WARN_UNINITIALIZED_AUTOS = YES_AGGRESSIVE;
				GCC_WARN_UNUSED_FUNCTION = YES;
				GCC_WARN_UNUSED_VARIABLE = YES;
				LOCALIZATION_PREFERS_STRING_CATALOGS = YES;
				MACOSX_DEPLOYMENT_TARGET = 14.0;
				MTL_ENABLE_DEBUG_INFO = INCLUDE_SOURCE;
				MTL_FAST_MATH = YES;
				ONLY_ACTIVE_ARCH = YES;
				SDKROOT = macosx;
				SWIFT_ACTIVE_COMPILATION_CONDITIONS = "DEBUG $(inherited)";
				SWIFT_OPTIMIZATION_LEVEL = "-Onone";
			};
			name = Debug;
		};
		A1234567890123456789012T /* Release */ = {
			isa = XCBuildConfiguration;
			buildSettings = {
				ALWAYS_SEARCH_USER_PATHS = NO;
				ASSETCATALOG_COMPILER_GENERATE_SWIFT_ASSET_SYMBOL_EXTENSIONS = YES;
				CLANG_ANALYZER_NONNULL = YES;
				CLANG_ANALYZER_NUMBER_OBJECT_CONVERSION = YES_AGGRESSIVE;
				CLANG_CXX_LANGUAGE_STANDARD = "gnu++20";
				CLANG_ENABLE_MODULES = YES;
				CLANG_ENABLE_OBJC_ARC = YES;
				CLANG_ENABLE_OBJC_WEAK = YES;
				CLANG_WARN_BLOCK_CAPTURE_AUTORELEASING = YES;
				CLANG_WARN_BOOL_CONVERSION = YES;
				CLANG_WARN_COMMA = YES;
				CLANG_WARN_CONSTANT_CONVERSION = YES;
				CLANG_WARN_DEPRECATED_OBJC_IMPLEMENTATIONS = YES;
				CLANG_WARN_DIRECT_OBJC_ISA_USAGE = YES_ERROR;
				CLANG_WARN_DOCUMENTATION_COMMENTS = YES;
				CLANG_WARN_EMPTY_BODY = YES;
				CLANG_WARN_ENUM_CONVERSION = YES;
				CLANG_WARN_INFINITE_RECURSION = YES;
				CLANG_WARN_INT_CONVERSION = YES;
				CLANG_WARN_NON_LITERAL_NULL_CONVERSION = YES;
				CLANG_WARN_OBJC_IMPLICIT_RETAIN_SELF = YES;
				CLANG_WARN_OBJC_LITERAL_CONVERSION = YES;
				CLANG_WARN_OBJC_ROOT_CLASS = YES_ERROR;
				CLANG_WARN_QUOTED_INCLUDE_IN_FRAMEWORK_HEADER = YES;
				CLANG_WARN_RANGE_LOOP_ANALYSIS = YES;
				CLANG_WARN_STRICT_PROTOTYPES = YES;
				CLANG_WARN_SUSPICIOUS_MOVE = YES;
				CLANG_WARN_UNGUARDED_AVAILABILITY = YES_AGGRESSIVE;
				CLANG_WARN_UNREACHABLE_CODE = YES;
				CLANG_WARN__DUPLICATE_METHOD_MATCH = YES;
				COPY_PHASE_STRIP = NO;
				DEAD_CODE_STRIPPING = YES;
				DEBUG_INFORMATION_FORMAT = "dwarf-with-dsym";
				ENABLE_NS_ASSERTIONS = NO;
				ENABLE_STRICT_OBJC_MSGSEND = YES;
				ENABLE_USER_SCRIPT_SANDBOXING = YES;
				GCC_C_LANGUAGE_STANDARD = gnu17;
				GCC_NO_COMMON_BLOCKS = YES;
				GCC_WARN_64_TO_32_BIT_CONVERSION = YES;
				GCC_WARN_ABOUT_RETURN_TYPE = YES_ERROR;
				GCC_WARN_UNDECLARED_SELECTOR = YES;
				GCC_WARN_UNINITIALIZED_AUTOS = YES_AGGRESSIVE;
				GCC_WARN_UNUSED_FUNCTION = YES;
				GCC_WARN_UNUSED_VARIABLE = YES;
				LOCALIZATION_PREFERS_STRING_CATALOGS = YES;
				MACOSX_DEPLOYMENT_TARGET = 14.0;
				MTL_ENABLE_DEBUG_INFO = NO;
				MTL_FAST_MATH = YES;
				SDKROOT = macosx;
				SWIFT_COMPILATION_MODE = wholemodule;
			};
			name = Release;
		};
		A1234567890123456789012U /* Debug */ = {
			isa = XCBuildConfiguration;
			buildSettings = {
				ASSETCATALOG_COMPILER_APPICON_NAME = AppIcon;
				ASSETCATALOG_COMPILER_GLOBAL_ACCENT_COLOR_NAME = AccentColor;
				CODE_SIGN_ENTITLEMENTS = Juju/App/Juju.entitlements;
				CODE_SIGN_STYLE = Automatic;
				COMBINE_HIDPI_IMAGES = YES;
				CURRENT_PROJECT_VERSION = 1;
				DEAD_CODE_STRIPPING = YES;
				DEVELOPMENT_TEAM = Z5Z57S6JKU;
				ENABLE_USER_SCRIPT_SANDBOXING = NO;
				GENERATE_INFOPLIST_FILE = YES;
				INFOPLIST_FILE = Juju/App/Info.plist;
				INFOPLIST_KEY_LSUIElement = YES;
				INFOPLIST_KEY_NSHumanReadableCopyright = "";
				LD_RUNPATH_SEARCH_PATHS = (
					"$(inherited)",
					"@executable_path/../Frameworks",
				);
				MARKETING_VERSION = 1.0;
				PRODUCT_BUNDLE_IDENTIFIER = com.juju.app;
				PRODUCT_NAME = "$(TARGET_NAME)";
				SWIFT_EMIT_LOC_STRINGS = YES;
				SWIFT_VERSION = 5.0;
			};
			name = Debug;
		};
		A1234567890123456789012V /* Release */ = {
			isa = XCBuildConfiguration;
			buildSettings = {
				ASSETCATALOG_COMPILER_APPICON_NAME = AppIcon;
				ASSETCATALOG_COMPILER_GLOBAL_ACCENT_COLOR_NAME = AccentColor;
				CODE_SIGN_ENTITLEMENTS = Juju/App/Juju.entitlements;
				CODE_SIGN_STYLE = Automatic;
				COMBINE_HIDPI_IMAGES = YES;
				CURRENT_PROJECT_VERSION = 1;
				DEAD_CODE_STRIPPING = YES;
				DEVELOPMENT_TEAM = Z5Z57S6JKU;
				ENABLE_USER_SCRIPT_SANDBOXING = NO;
				GENERATE_INFOPLIST_FILE = YES;
				INFOPLIST_FILE = Juju/App/Info.plist;
				INFOPLIST_KEY_LSUIElement = YES;
				INFOPLIST_KEY_NSHumanReadableCopyright = "";
				LD_RUNPATH_SEARCH_PATHS = (
					"$(inherited)",
					"@executable_path/../Frameworks",
				);
				MARKETING_VERSION = 1.0;
				PRODUCT_BUNDLE_IDENTIFIER = com.juju.app;
				PRODUCT_NAME = "$(TARGET_NAME)";
				SWIFT_EMIT_LOC_STRINGS = YES;
				SWIFT_VERSION = 5.0;
			};
			name = Release;
		};
/* End XCBuildConfiguration section */

/* Begin XCConfigurationList section */
		A1234567890123456789012N /* Build configuration list for PBXNativeTarget "Juju" */ = {
			isa = XCConfigurationList;
			buildConfigurations = (
				A1234567890123456789012U /* Debug */,
				A1234567890123456789012V /* Release */,
			);
			defaultConfigurationIsVisible = 0;
			defaultConfigurationName = Release;
		};
		A1234567890123456789012R /* Build configuration list for PBXProject "Juju" */ = {
			isa = XCConfigurationList;
			buildConfigurations = (
				A1234567890123456789012S /* Debug */,
				A1234567890123456789012T /* Release */,
			);
			defaultConfigurationIsVisible = 0;
			defaultConfigurationName = Release;
		};
/* End XCConfigurationList section */
	};
	rootObject = A1234567890123456789012Q /* Project object */;
}
