// !$*UTF8*$!
{
	archiveVersion = 1;
	classes = {
	};
	objectVersion = 56;
	objects = {

/* Begin PBXBuildFile section */
		662770A02E0451AD002D6859 /* App/JujuUtils.swift in Sources */ = {isa = PBXBuildFile; fileRef = 6627709F2E0451AD002D6859 /* App/JujuUtils.swift */; };
		6657F69B2E0313200016F333 /* status-active.png in Resources */ = {isa = PBXBuildFile; fileRef = 6657F6802E0313200016F333 /* status-active.png */; };
		6657F69C2E0313200016F333 /* status-idle.png in Resources */ = {isa = PBXBuildFile; fileRef = 6657F6812E0313200016F333 /* status-idle.png */; };
		6657F69F2E0313200016F333 /* icon.png in Resources */ = {isa = PBXBuildFile; fileRef = 6657F6842E0313200016F333 /* icon.png */; };
		6657F6A22E0313200016F333 /* App/AppDelegate.swift in Sources */ = {isa = PBXBuildFile; fileRef = 6657F6882E0313200016F333 /* App/AppDelegate.swift */; };
		6657F6A32E0313200016F333 /* Resources/Assets.xcassets in Resources */ = {isa = PBXBuildFile; fileRef = 6657F6892E0313200016F333 /* Resources/Assets.xcassets */; };
		6657F6A92E0313200016F333 /* App/main.swift in Sources */ = {isa = PBXBuildFile; fileRef = 6657F68F2E0313200016F333 /* App/main.swift */; };

		670123462E0313210016F335 /* Core/Models/Project.swift in Sources */ = {isa = PBXBuildFile; fileRef = 670123452E0313210016F334 /* Core/Models/Project.swift */; };
		670123482E0313210016F337 /* Core/Managers/MenuManager.swift in Sources */ = {isa = PBXBuildFile; fileRef = 670123472E0313210016F336 /* Core/Managers/MenuManager.swift */; };
		6701234A2E0313210016F339 /* Core/Managers/ShortcutManager.swift in Sources */ = {isa = PBXBuildFile; fileRef = 670123492E0313210016F338 /* Core/Managers/ShortcutManager.swift */; };
		6701234C2E0313210016F33B /* Core/Managers/SessionManager.swift in Sources */ = {isa = PBXBuildFile; fileRef = 6701234B2E0313210016F33A /* Core/Managers/SessionManager.swift */; };
		6701234E2E0313210016F33D /* Features/Dashboard/DashboardWindowController.swift in Sources */ = {isa = PBXBuildFile; fileRef = 6701234D2E0313210016F33C /* Features/Dashboard/DashboardWindowController.swift */; };
		670123502E0313210016F33F /* Features/Notes/NotesManager.swift in Sources */ = {isa = PBXBuildFile; fileRef = 6701234F2E0313210016F33E /* Features/Notes/NotesManager.swift */; };
		670123542E0313210016F341 /* Core/Managers/IconManager.swift in Sources */ = {isa = PBXBuildFile; fileRef = 670123532E0313210016F340 /* Core/Managers/IconManager.swift */; };
		670123562E0313210016F342 /* Features/Dashboard/SwiftUIDashboardRootView.swift in Sources */ = {isa = PBXBuildFile; fileRef = 670123552E0313210016F340 /* Features/Dashboard/SwiftUIDashboardRootView.swift */; };
		670123582E0313210016F342 /* Features/Dashboard/ChartViews.swift in Sources */ = {isa = PBXBuildFile; fileRef = 670123572E0313210016F340 /* Features/Dashboard/ChartViews.swift */; };
		6701235A2E0313210016F342 /* Features/Dashboard/DashboardNativeSwiftChartsView.swift in Sources */ = {isa = PBXBuildFile; fileRef = 670123592E0313210016F340 /* Features/Dashboard/DashboardNativeSwiftChartsView.swift */; };
		6701235C2E0313210016F342 /* Core/Models/ChartModels.swift in Sources */ = {isa = PBXBuildFile; fileRef = 6701235B2E0313210016F340 /* Core/Models/ChartModels.swift */; };
		6701235E2E0313210016F342 /* Core/Managers/ChartDataPreparer.swift in Sources */ = {isa = PBXBuildFile; fileRef = 6701235D2E0313210016F340 /* Core/Managers/ChartDataPreparer.swift */; };
		670123602E0313210016F342 /* Features/Notes/NotesModalView.swift in Sources */ = {isa = PBXBuildFile; fileRef = 6701235F2E0313210016F340 /* Features/Notes/NotesModalView.swift */; };
		670123622E0313210016F342 /* Features/Notes/NotesViewModel.swift in Sources */ = {isa = PBXBuildFile; fileRef = 670123612E0313210016F340 /* Features/Notes/NotesViewModel.swift */; };
		670123642E0313210016F342 /* Core/ViewModels/ProjectsViewModel.swift in Sources */ = {isa = PBXBuildFile; fileRef = 670123632E0313210016F340 /* Core/ViewModels/ProjectsViewModel.swift */; };
		670123662E0313210016F342 /* Features/Projects/ProjectsNativeView.swift in Sources */ = {isa = PBXBuildFile; fileRef = 670123652E0313210016F340 /* Features/Projects/ProjectsNativeView.swift */; };
		670123682E0313210016F342 /* Features/Projects/ProjectGridItemView.swift in Sources */ = {isa = PBXBuildFile; fileRef = 670123672E0313210016F340 /* Features/Projects/ProjectGridItemView.swift */; };
		6701236A2E0313210016F342 /* Features/Projects/AddProjectView.swift in Sources */ = {isa = PBXBuildFile; fileRef = 670123692E0313210016F340 /* Features/Projects/AddProjectView.swift */; };
		6701236C2E0313210016F342 /* Features/Projects/ProjectDetailView.swift in Sources */ = {isa = PBXBuildFile; fileRef = 6701236B2E0313210016F340 /* Features/Projects/ProjectDetailView.swift */; };
		6701236E2E0313210016F342 /* Features/Sessions/SessionsView.swift in Sources */ = {isa = PBXBuildFile; fileRef = 6701236D2E0313210016F340 /* Features/Sessions/SessionsView.swift */; };
		670123702E0313210016F342 /* Features/Sessions/SessionCardView.swift in Sources */ = {isa = PBXBuildFile; fileRef = 6701236F2E0313210016F340 /* Features/Sessions/SessionCardView.swift */; };
		670123722E0313210016F342 /* Features/Sessions/EditSessionView.swift in Sources */ = {isa = PBXBuildFile; fileRef = 670123712E0313210016F340 /* Features/Sessions/EditSessionView.swift */; };
/* End PBXBuildFile section */

/* Begin PBXFileReference section */
		660165FB2EA54A9D00E55E08 /* Features */ = {isa = PBXFileReference; lastKnownFileType = folder; path = Features; sourceTree = "<group>"; };
		660165FD2EA54B4F00E55E08 /* Core */ = {isa = PBXFileReference; lastKnownFileType = folder; path = Core; sourceTree = "<group>"; };
		6627709F2E0451AD002D6859 /* App/JujuUtils.swift */ = {isa = PBXFileReference; fileEncoding = 4; lastKnownFileType = sourcecode.swift; path = App/JujuUtils.swift; sourceTree = "<group>"; };
		6657F6802E0313200016F333 /* status-active.png */ = {isa = PBXFileReference; lastKnownFileType = image.png; path = "status-active.png"; sourceTree = "<group>"; };
		6657F6812E0313200016F333 /* status-idle.png */ = {isa = PBXFileReference; lastKnownFileType = image.png; path = "status-idle.png"; sourceTree = "<group>"; };
		6657F6842E0313200016F333 /* icon.png */ = {isa = PBXFileReference; lastKnownFileType = image.png; path = icon.png; sourceTree = "<group>"; };
		6657F6882E0313200016F333 /* App/AppDelegate.swift */ = {isa = PBXFileReference; fileEncoding = 4; lastKnownFileType = sourcecode.swift; path = App/AppDelegate.swift; sourceTree = "<group>"; };
		6657F6892E0313200016F333 /* Resources/Assets.xcassets */ = {isa = PBXFileReference; lastKnownFileType = folder.assetcatalog; path = Resources/Assets.xcassets; sourceTree = "<group>"; };
		6657F68E2E0313200016F333 /* App/Info.plist */ = {isa = PBXFileReference; fileEncoding = 4; lastKnownFileType = text.plist.xml; path = App/Info.plist; sourceTree = "<group>"; };
		6657F68F2E0313200016F333 /* App/main.swift */ = {isa = PBXFileReference; fileEncoding = 4; lastKnownFileType = sourcecode.swift; path = App/main.swift; sourceTree = "<group>"; };
		6657F6942E0313200016F333 /* Juju.xcodeproj */ = {isa = PBXFileReference; lastKnownFileType = "wrapper.pb-project"; path = Juju.xcodeproj; sourceTree = "<group>"; };
		669753322E06CFBE00D09901 /* App/Juju.entitlements */ = {isa = PBXFileReference; fileEncoding = 4; lastKnownFileType = text.plist.entitlements; path = App/Juju.entitlements; sourceTree = "<group>"; };
		A1234567890123456789012G /* Juju.app */ = {isa = PBXFileReference; explicitFileType = wrapper.application; includeInIndex = 0; path = Juju.app; sourceTree = BUILT_PRODUCTS_DIR; };

		670123452E0313210016F334 /* Core/Models/Project.swift */ = {isa = PBXFileReference; fileEncoding = 4; lastKnownFileType = sourcecode.swift; path = "Core/Models/Project.swift"; sourceTree = "<group>"; };
		670123472E0313210016F336 /* Core/Managers/MenuManager.swift */ = {isa = PBXFileReference; fileEncoding = 4; lastKnownFileType = sourcecode.swift; path = "Core/Managers/MenuManager.swift"; sourceTree = "<group>"; };
		670123492E0313210016F338 /* Core/Managers/ShortcutManager.swift */ = {isa = PBXFileReference; fileEncoding = 4; lastKnownFileType = sourcecode.swift; path = "Core/Managers/ShortcutManager.swift"; sourceTree = "<group>"; };
		6701234B2E0313210016F33A /* Core/Managers/SessionManager.swift */ = {isa = PBXFileReference; fileEncoding = 4; lastKnownFileType = sourcecode.swift; path = "Core/Managers/SessionManager.swift"; sourceTree = "<group>"; };
		6701234D2E0313210016F33C /* Features/Dashboard/DashboardWindowController.swift */ = {isa = PBXFileReference; fileEncoding = 4; lastKnownFileType = sourcecode.swift; path = "Features/Dashboard/DashboardWindowController.swift"; sourceTree = "<group>"; };
		6701234F2E0313210016F33E /* Features/Notes/NotesManager.swift */ = {isa = PBXFileReference; fileEncoding = 4; lastKnownFileType = sourcecode.swift; path = "Features/Notes/NotesManager.swift"; sourceTree = "<group>"; };
		670123532E0313210016F340 /* Core/Managers/IconManager.swift */ = {isa = PBXFileReference; fileEncoding = 4; lastKnownFileType = sourcecode.swift; path = "Core/Managers/IconManager.swift"; sourceTree = "<group>"; };
		670123552E0313210016F340 /* Features/Dashboard/SwiftUIDashboardRootView.swift */ = {isa = PBXFileReference; fileEncoding = 4; lastKnownFileType = sourcecode.swift; path = "Features/Dashboard/SwiftUIDashboardRootView.swift"; sourceTree = "<group>"; };
		670123572E0313210016F340 /* Features/Dashboard/ChartViews.swift */ = {isa = PBXFileReference; fileEncoding = 4; lastKnownFileType = sourcecode.swift; path = "Features/Dashboard/ChartViews.swift"; sourceTree = "<group>"; };
		670123592E0313210016F340 /* Features/Dashboard/DashboardNativeSwiftChartsView.swift */ = {isa = PBXFileReference; fileEncoding = 4; lastKnownFileType = sourcecode.swift; path = "Features/Dashboard/DashboardNativeSwiftChartsView.swift"; sourceTree = "<group>"; };
		6701235B2E0313210016F340 /* Core/Models/ChartModels.swift */ = {isa = PBXFileReference; fileEncoding = 4; lastKnownFileType = sourcecode.swift; path = "Core/Models/ChartModels.swift"; sourceTree = "<group>"; };
		6701235D2E0313210016F340 /* Core/Managers/ChartDataPreparer.swift */ = {isa = PBXFileReference; fileEncoding = 4; lastKnownFileType = sourcecode.swift; path = "Core/Managers/ChartDataPreparer.swift"; sourceTree = "<group>"; };
		6701235F2E0313210016F340 /* Features/Notes/NotesModalView.swift */ = {isa = PBXFileReference; fileEncoding = 4; lastKnownFileType = sourcecode.swift; path = "Features/Notes/NotesModalView.swift"; sourceTree = "<group>"; };
		670123612E0313210016F340 /* Features/Notes/NotesViewModel.swift */ = {isa = PBXFileReference; fileEncoding = 4; lastKnownFileType = sourcecode.swift; path = "Features/Notes/NotesViewModel.swift"; sourceTree = "<group>"; };
		670123632E0313210016F340 /* Core/ViewModels/ProjectsViewModel.swift */ = {isa = PBXFileReference; fileEncoding = 4; lastKnownFileType = sourcecode.swift; path = "Core/ViewModels/ProjectsViewModel.swift"; sourceTree = "<group>"; };
		670123652E0313210016F340 /* Features/Projects/ProjectsNativeView.swift */ = {isa = PBXFileReference; fileEncoding = 4; lastKnownFileType = sourcecode.swift; path = "Features/Projects/ProjectsNativeView.swift"; sourceTree = "<group>"; };
		670123672E0313210016F340 /* Features/Projects/ProjectGridItemView.swift */ = {isa = PBXFileReference; fileEncoding = 4; lastKnownFileType = sourcecode.swift; path = "Features/Projects/ProjectGridItemView.swift"; sourceTree = "<group>"; };
		670123692E0313210016F340 /* Features/Projects/AddProjectView.swift */ = {isa = PBXFileReference; fileEncoding = 4; lastKnownFileType = sourcecode.swift; path = "Features/Projects/AddProjectView.swift"; sourceTree = "<group>"; };
		6701236B2E0313210016F340 /* Features/Projects/ProjectDetailView.swift */ = {isa = PBXFileReference; fileEncoding = 4; lastKnownFileType = sourcecode.swift; path = "Features/Projects/ProjectDetailView.swift"; sourceTree = "<group>"; };
		6701236D2E0313210016F340 /* Features/Sessions/SessionsView.swift */ = {isa = PBXFileReference; fileEncoding = 4; lastKnownFileType = sourcecode.swift; path = "Features/Sessions/SessionsView.swift"; sourceTree = "<group>"; };
		6701236F2E0313210016F340 /* Features/Sessions/SessionCardView.swift */ = {isa = PBXFileReference; fileEncoding = 4; lastKnownFileType = sourcecode.swift; path = "Features/Sessions/SessionCardView.swift"; sourceTree = "<group>"; };
		670123712E0313210016F340 /* Features/Sessions/EditSessionView.swift */ = {isa = PBXFileReference; fileEncoding = 4; lastKnownFileType = sourcecode.swift; path = "Features/Sessions/EditSessionView.swift"; sourceTree = "<group>"; };
/* End PBXFileReference section */

/* Begin PBXFrameworksBuildPhase section */
		A1234567890123456789012I /* Frameworks */ = {
			isa = PBXFrameworksBuildPhase;
			buildActionMask = 2147483647;
			files = (
			);
			runOnlyForDeploymentPostprocessing = 0;
		};
/* End PBXFrameworksBuildPhase section */

/* Begin PBXGroup section */
		6657F6872E0313200016F333 /* icons */ = {
			isa = PBXGroup;
			children = (
				6657F6802E0313200016F333 /* status-active.png */,
				6657F6812E0313200016F333 /* status-idle.png */,
				6657F6842E0313200016F333 /* icon.png */,
			);
			path = icons;
			sourceTree = "<group>";
		};
		6657F6932E0313200016F333 /* Juju */ = {
			isa = PBXGroup;
			children = (
				660165FD2EA54B4F00E55E08 /* Core */,
				660165FB2EA54A9D00E55E08 /* Features */,
				6627709F2E0451AD002D6859 /* App/JujuUtils.swift */,
				6657F6882E0313200016F333 /* App/AppDelegate.swift */,
				6657F6892E0313200016F333 /* Resources/Assets.xcassets */,
				6657F68E2E0313200016F333 /* App/Info.plist */,
				6657F68F2E0313200016F333 /* App/main.swift */,
				670123452E0313210016F334 /* Core/Models/Project.swift */,
				670123472E0313210016F336 /* Core/Managers/MenuManager.swift */,
				670123492E0313210016F338 /* Core/Managers/ShortcutManager.swift */,
				6701234B2E0313210016F33A /* Core/Managers/SessionManager.swift */,
				6701234D2E0313210016F33C /* Features/Dashboard/DashboardWindowController.swift */,
				6701234F2E0313210016F33E /* Features/Notes/NotesManager.swift */,
				670123532E0313210016F340 /* Core/Managers/IconManager.swift */,
				670123552E0313210016F340 /* Features/Dashboard/SwiftUIDashboardRootView.swift */,
				670123572E0313210016F340 /* Features/Dashboard/ChartViews.swift */,
				670123592E0313210016F340 /* Features/Dashboard/DashboardNativeSwiftChartsView.swift */,
				6701235B2E0313210016F340 /* Core/Models/ChartModels.swift */,
				6701235D2E0313210016F340 /* Core/Managers/ChartDataPreparer.swift */,
				6701235F2E0313210016F340 /* Features/Notes/NotesModalView.swift */,
				670123612E0313210016F340 /* Features/Notes/NotesViewModel.swift */,
				670123632E0313210016F340 /* Core/ViewModels/ProjectsViewModel.swift */,
				670123652E0313210016F340 /* Features/Projects/ProjectsNativeView.swift */,
				670123672E0313210016F340 /* Features/Projects/ProjectGridItemView.swift */,
				670123692E0313210016F340 /* Features/Projects/AddProjectView.swift */,
				6701236B2E0313210016F340 /* Features/Projects/ProjectDetailView.swift */,
				6701236D2E0313210016F340 /* Features/Sessions/SessionsView.swift */,
				6701236F2E0313210016F340 /* Features/Sessions/SessionCardView.swift */,
				670123712E0313210016F340 /* Features/Sessions/EditSessionView.swift */,
			);
			path = Juju;
			sourceTree = "<group>";
		};
		6657F6952E0313200016F333 /* juju-swift */ = {
			isa = PBXGroup;
			children = (
				669753322E06CFBE00D09901 /* App/Juju.entitlements */,
				6657F6872E0313200016F333 /* icons */,
				6657F6932E0313200016F333 /* Juju */,
				6657F6942E0313200016F333 /* Juju.xcodeproj */,
			);
			name = "juju-swift";
			sourceTree = "<group>";
		};
		6657F6962E0313200016F333 /* Products */ = {
			isa = PBXGroup;
			name = Products;
			sourceTree = "<group>";
		};
		A1234567890123456789012K /* Products */ = {
			isa = PBXGroup;
			children = (
				A1234567890123456789012G /* Juju.app */,
			);
			name = Products;
			sourceTree = "<group>";
		};
		A1234567890123456789012L = {
			isa = PBXGroup;
			children = (
				6657F6952E0313200016F333 /* juju-swift */,
				A1234567890123456789012K /* Products */,
			);
			sourceTree = "<group>";
		};
/* End PBXGroup section */

/* Begin PBXNativeTarget section */
		A1234567890123456789012M /* Juju */ = {
			isa = PBXNativeTarget;
			buildConfigurationList = A1234567890123456789012N /* Build configuration list for PBXNativeTarget "Juju" */;
			buildPhases = (
				A1234567890123456789012O /* Sources */,
				A1234567890123456789012I /* Frameworks */,
				A1234567890123456789012P /* Resources */,
			);
			buildRules = (
			);
			dependencies = (
			);
			name = Juju;
			productName = Juju;
			productReference = A1234567890123456789012G /* Juju.app */;
			productType = "com.apple.product-type.application";
		};
/* End PBXNativeTarget section */

/* Begin PBXProject section */
		A1234567890123456789012Q /* Project object */ = {
			isa = PBXProject;
			attributes = {
				BuildIndependentTargetsInParallel = 1;
				LastSwiftUpdateCheck = 1500;
				LastUpgradeCheck = 1540;
				TargetAttributes = {
					A1234567890123456789012M = {
						CreatedOnToolsVersion = 15.0;
					};
				};
			};
			buildConfigurationList = A1234567890123456789012R /* Build configuration list for PBXProject "Juju" */;
			compatibilityVersion = "Xcode 14.0";
			developmentRegion = en;
			hasScannedForEncodings = 0;
			knownRegions = (
				en,
				Base,
			);
			mainGroup = A1234567890123456789012L;
			productRefGroup = A1234567890123456789012K /* Products */;
			projectDirPath = "";
			projectReferences = (
				{
					ProductGroup = 6657F6962E0313200016F333 /* Products */;
					ProjectRef = 6657F6942E0313200016F333 /* Juju.xcodeproj */;
				},
			);
			projectRoot = "";
			targets = (
				A1234567890123456789012M /* Juju */,
			);
		};
/* End PBXProject section */

/* Begin PBXResourcesBuildPhase section */
		A1234567890123456789012P /* Resources */ = {
			isa = PBXResourcesBuildPhase;
			buildActionMask = 2147483647;
			files = (
				6657F69F2E0313200016F333 /* icon.png in Resources */,
				6657F69B2E0313200016F333 /* status-active.png in Resources */,
				6657F69C2E0313200016F333 /* status-idle.png in Resources */,
				6657F6A32E0313200016F333 /* Resources/Assets.xcassets in Resources */,
			);
			runOnlyForDeploymentPostprocessing = 0;
		};
/* End PBXResourcesBuildPhase section */

/* Begin PBXSourcesBuildPhase section */
		A1234567890123456789012O /* Sources */ = {
			isa = PBXSourcesBuildPhase;
			buildActionMask = 2147483647;
			files = (
				6657F6A22E0313200016F333 /* App/AppDelegate.swift in Sources */,
				662770A02E0451AD002D6859 /* App/JujuUtils.swift in Sources */,
				6657F6A92E0313200016F333 /* App/main.swift in Sources */,
				670123462E0313210016F335 /* Core/Models/Project.swift in Sources */,
				670123482E0313210016F337 /* Core/Managers/MenuManager.swift in Sources */,
				6701234A2E0313210016F339 /* Core/Managers/ShortcutManager.swift in Sources */,
				6701234C2E0313210016F33B /* Core/Managers/SessionManager.swift in Sources */,
				6701234E2E0313210016F33D /* Features/Dashboard/DashboardWindowController.swift in Sources */,
				670123502E0313210016F33F /* Features/Notes/NotesManager.swift in Sources */,
				670123542E0313210016F341 /* Core/Managers/IconManager.swift in Sources */,
				670123562E0313210016F342 /* Features/Dashboard/SwiftUIDashboardRootView.swift in Sources */,
				670123582E0313210016F342 /* Features/Dashboard/ChartViews.swift in Sources */,
				6701235A2E0313210016F342 /* Features/Dashboard/DashboardNativeSwiftChartsView.swift in Sources */,
				6701235C2E0313210016F342 /* Core/Models/ChartModels.swift in Sources */,
				6701235E2E0313210016F342 /* Core/Managers/ChartDataPreparer.swift in Sources */,
				670123602E0313210016F342 /* Features/Notes/NotesModalView.swift in Sources */,
				670123622E0313210016F342 /* Features/Notes/NotesViewModel.swift in Sources */,
				670123642E0313210016F342 /* Core/ViewModels/ProjectsViewModel.swift in Sources */,
				670123662E0313210016F342 /* Features/Projects/ProjectsNativeView.swift in Sources */,
				670123682E0313210016F342 /* Features/Projects/ProjectGridItemView.swift in Sources */,
				6701236A2E0313210016F342 /* Features/Projects/AddProjectView.swift in Sources */,
				6701236C2E0313210016F342 /* Features/Projects/ProjectDetailView.swift in Sources */,
				6701236E2E0313210016F342 /* Features/Sessions/SessionsView.swift in Sources */,
				670123702E0313210016F342 /* Features/Sessions/SessionCardView.swift in Sources */,
				670123722E0313210016F342 /* Features/Sessions/EditSessionView.swift in Sources */,
			);
			runOnlyForDeploymentPostprocessing = 0;
		};
/* End PBXSourcesBuildPhase section */

/* Begin XCBuildConfiguration section */
		A1234567890123456789012S /* Debug */ = {
			isa = XCBuildConfiguration;
			buildSettings = {
				ALWAYS_SEARCH_USER_PATHS = NO;
				ASSETCATALOG_COMPILER_GENERATE_SWIFT_ASSET_SYMBOL_EXTENSIONS = YES;
				CLANG_ANALYZER_NONNULL = YES;
				CLANG_ANALYZER_NUMBER_OBJECT_CONVERSION = YES_AGGRESSIVE;
				CLANG_CXX_LANGUAGE_STANDARD = "gnu++20";
				CLANG_ENABLE_MODULES = YES;
				CLANG_ENABLE_OBJC_ARC = YES;
				CLANG_ENABLE_OBJC_WEAK = YES;
				CLANG_WARN_BLOCK_CAPTURE_AUTORELEASING = YES;
				CLANG_WARN_BOOL_CONVERSION = YES;
				CLANG_WARN_COMMA = YES;
				CLANG_WARN_CONSTANT_CONVERSION = YES;
				CLANG_WARN_DEPRECATED_OBJC_IMPLEMENTATIONS = YES;
				CLANG_WARN_DIRECT_OBJC_ISA_USAGE = YES_ERROR;
				CLANG_WARN_DOCUMENTATION_COMMENTS = YES;
				CLANG_WARN_EMPTY_BODY = YES;
				CLANG_WARN_ENUM_CONVERSION = YES;
				CLANG_WARN_INFINITE_RECURSION = YES;
				CLANG_WARN_INT_CONVERSION = YES;
				CLANG_WARN_NON_LITERAL_NULL_CONVERSION = YES;
				CLANG_WARN_OBJC_IMPLICIT_RETAIN_SELF = YES;
				CLANG_WARN_OBJC_LITERAL_CONVERSION = YES;
				CLANG_WARN_OBJC_ROOT_CLASS = YES_ERROR;
				CLANG_WARN_QUOTED_INCLUDE_IN_FRAMEWORK_HEADER = YES;
				CLANG_WARN_RANGE_LOOP_ANALYSIS = YES;
				CLANG_WARN_STRICT_PROTOTYPES = YES;
				CLANG_WARN_SUSPICIOUS_MOVE = YES;
				CLANG_WARN_UNGUARDED_AVAILABILITY = YES_AGGRESSIVE;
				CLANG_WARN_UNREACHABLE_CODE = YES;
				CLANG_WARN__DUPLICATE_METHOD_MATCH = YES;
				COPY_PHASE_STRIP = NO;
				DEAD_CODE_STRIPPING = YES;
				DEBUG_INFORMATION_FORMAT = dwarf;
				ENABLE_STRICT_OBJC_MSGSEND = YES;
				ENABLE_TESTABILITY = YES;
				ENABLE_USER_SCRIPT_SANDBOXING = YES;
				GCC_C_LANGUAGE_STANDARD = gnu17;
				GCC_DYNAMIC_NO_PIC = NO;
				GCC_NO_COMMON_BLOCKS = YES;
				GCC_OPTIMIZATION_LEVEL = 0;
				GCC_PREPROCESSOR_DEFINITIONS = (
					"DEBUG=1",
					"$(inherited)",
				);
				GCC_WARN_64_TO_32_BIT_CONVERSION = YES;
				GCC_WARN_ABOUT_RETURN_TYPE = YES_ERROR;
				GCC_WARN_UNDECLARED_SELECTOR = YES;
				GCC_WARN_UNINITIALIZED_AUTOS = YES_AGGRESSIVE;
				GCC_WARN_UNUSED_FUNCTION = YES;
				GCC_WARN_UNUSED_VARIABLE = YES;
				LOCALIZATION_PREFERS_STRING_CATALOGS = YES;
				MACOSX_DEPLOYMENT_TARGET = 14.0;
				MTL_ENABLE_DEBUG_INFO = INCLUDE_SOURCE;
				MTL_FAST_MATH = YES;
				ONLY_ACTIVE_ARCH = YES;
				SDKROOT = macosx;
				SWIFT_ACTIVE_COMPILATION_CONDITIONS = "DEBUG $(inherited)";
				SWIFT_OPTIMIZATION_LEVEL = "-Onone";
			};
			name = Debug;
		};
		A1234567890123456789012T /* Release */ = {
			isa = XCBuildConfiguration;
			buildSettings = {
				ALWAYS_SEARCH_USER_PATHS = NO;
				ASSETCATALOG_COMPILER_GENERATE_SWIFT_ASSET_SYMBOL_EXTENSIONS = YES;
				CLANG_ANALYZER_NONNULL = YES;
				CLANG_ANALYZER_NUMBER_OBJECT_CONVERSION = YES_AGGRESSIVE;
				CLANG_CXX_LANGUAGE_STANDARD = "gnu++20";
				CLANG_ENABLE_MODULES = YES;
				CLANG_ENABLE_OBJC_ARC = YES;
				CLANG_ENABLE_OBJC_WEAK = YES;
				CLANG_WARN_BLOCK_CAPTURE_AUTORELEASING = YES;
				CLANG_WARN_BOOL_CONVERSION = YES;
				CLANG_WARN_COMMA = YES;
				CLANG_WARN_CONSTANT_CONVERSION = YES;
				CLANG_WARN_DEPRECATED_OBJC_IMPLEMENTATIONS = YES;
				CLANG_WARN_DIRECT_OBJC_ISA_USAGE = YES_ERROR;
				CLANG_WARN_DOCUMENTATION_COMMENTS = YES;
				CLANG_WARN_EMPTY_BODY = YES;
				CLANG_WARN_ENUM_CONVERSION = YES;
				CLANG_WARN_INFINITE_RECURSION = YES;
				CLANG_WARN_INT_CONVERSION = YES;
				CLANG_WARN_NON_LITERAL_NULL_CONVERSION = YES;
				CLANG_WARN_OBJC_IMPLICIT_RETAIN_SELF = YES;
				CLANG_WARN_OBJC_LITERAL_CONVERSION = YES;
				CLANG_WARN_OBJC_ROOT_CLASS = YES_ERROR;
				CLANG_WARN_QUOTED_INCLUDE_IN_FRAMEWORK_HEADER = YES;
				CLANG_WARN_RANGE_LOOP_ANALYSIS = YES;
				CLANG_WARN_STRICT_PROTOTYPES = YES;
				CLANG_WARN_SUSPICIOUS_MOVE = YES;
				CLANG_WARN_UNGUARDED_AVAILABILITY = YES_AGGRESSIVE;
				CLANG_WARN_UNREACHABLE_CODE = YES;
				CLANG_WARN__DUPLICATE_METHOD_MATCH = YES;
				COPY_PHASE_STRIP = NO;
				DEAD_CODE_STRIPPING = YES;
				DEBUG_INFORMATION_FORMAT = "dwarf-with-dsym";
				ENABLE_NS_ASSERTIONS = NO;
				ENABLE_STRICT_OBJC_MSGSEND = YES;
				ENABLE_USER_SCRIPT_SANDBOXING = YES;
				GCC_C_LANGUAGE_STANDARD = gnu17;
				GCC_NO_COMMON_BLOCKS = YES;
				GCC_WARN_64_TO_32_BIT_CONVERSION = YES;
				GCC_WARN_ABOUT_RETURN_TYPE = YES_ERROR;
				GCC_WARN_UNDECLARED_SELECTOR = YES;
				GCC_WARN_UNINITIALIZED_AUTOS = YES_AGGRESSIVE;
				GCC_WARN_UNUSED_FUNCTION = YES;
				GCC_WARN_UNUSED_VARIABLE = YES;
				LOCALIZATION_PREFERS_STRING_CATALOGS = YES;
				MACOSX_DEPLOYMENT_TARGET = 14.0;
				MTL_ENABLE_DEBUG_INFO = NO;
				MTL_FAST_MATH = YES;
				SDKROOT = macosx;
				SWIFT_COMPILATION_MODE = wholemodule;
			};
			name = Release;
		};
		A1234567890123456789012U /* Debug */ = {
			isa = XCBuildConfiguration;
			buildSettings = {
				ASSETCATALOG_COMPILER_APPICON_NAME = AppIcon;
				ASSETCATALOG_COMPILER_GLOBAL_ACCENT_COLOR_NAME = AccentColor;
				CODE_SIGN_ENTITLEMENTS = Juju/App/Juju.entitlements;
				CODE_SIGN_STYLE = Automatic;
				COMBINE_HIDPI_IMAGES = YES;
				CURRENT_PROJECT_VERSION = 1;
				DEAD_CODE_STRIPPING = YES;
				DEVELOPMENT_TEAM = Z5Z57S6JKU;
				ENABLE_USER_SCRIPT_SANDBOXING = NO;
				GENERATE_INFOPLIST_FILE = YES;
				INFOPLIST_FILE = Juju/App/Info.plist;
				INFOPLIST_KEY_LSUIElement = YES;
				INFOPLIST_KEY_NSHumanReadableCopyright = "";
				LD_RUNPATH_SEARCH_PATHS = (
					"$(inherited)",
					"@executable_path/../Frameworks",
				);
				MARKETING_VERSION = 1.0;
				PRODUCT_BUNDLE_IDENTIFIER = com.juju.app;
				PRODUCT_NAME = "$(TARGET_NAME)";
				SWIFT_EMIT_LOC_STRINGS = YES;
				SWIFT_VERSION = 5.0;
			};
			name = Debug;
		};
		A1234567890123456789012V /* Release */ = {
			isa = XCBuildConfiguration;
			buildSettings = {
				ASSETCATALOG_COMPILER_APPICON_NAME = AppIcon;
				ASSETCATALOG_COMPILER_GLOBAL_ACCENT_COLOR_NAME = AccentColor;
				CODE_SIGN_ENTITLEMENTS = Juju/App/Juju.entitlements;
				CODE_SIGN_STYLE = Automatic;
				COMBINE_HIDPI_IMAGES = YES;
				CURRENT_PROJECT_VERSION = 1;
				DEAD_CODE_STRIPPING = YES;
				DEVELOPMENT_TEAM = Z5Z57S6JKU;
				ENABLE_USER_SCRIPT_SANDBOXING = NO;
				GENERATE_INFOPLIST_FILE = YES;
				INFOPLIST_FILE = Juju/App/Info.plist;
				INFOPLIST_KEY_LSUIElement = YES;
				INFOPLIST_KEY_NSHumanReadableCopyright = "";
				LD_RUNPATH_SEARCH_PATHS = (
					"$(inherited)",
					"@executable_path/../Frameworks",
				);
				MARKETING_VERSION = 1.0;
				PRODUCT_BUNDLE_IDENTIFIER = com.juju.app;
				PRODUCT_NAME = "$(TARGET_NAME)";
				SWIFT_EMIT_LOC_STRINGS = YES;
				SWIFT_VERSION = 5.0;
			};
			name = Release;
		};
/* End XCBuildConfiguration section */

/* Begin XCConfigurationList section */
		A1234567890123456789012N /* Build configuration list for PBXNativeTarget "Juju" */ = {
			isa = XCConfigurationList;
			buildConfigurations = (
				A1234567890123456789012U /* Debug */,
				A1234567890123456789012V /* Release */,
			);
			defaultConfigurationIsVisible = 0;
			defaultConfigurationName = Release;
		};
		A1234567890123456789012R /* Build configuration list for PBXProject "Juju" */ = {
			isa = XCConfigurationList;
			buildConfigurations = (
				A1234567890123456789012S /* Debug */,
				A1234567890123456789012T /* Release */,
			);
			defaultConfigurationIsVisible = 0;
			defaultConfigurationName = Release;
		};
/* End XCConfigurationList section */
	};
	rootObject = A1234567890123456789012Q /* Project object */;
}
